
Microsoft Visual Studio Solution File, Format Version 12.00
# Visual Studio 14
VisualStudioVersion = 14.0.24720.0
MinimumVisualStudioVersion = 10.0.40219.1
Project("{FAE04EC0-301F-11D3-BF4B-00C04F79EFBC}") = "OfflineSync.UWP", "OfflineSync.UWP\OfflineSync.UWP.csproj", "{DD0A9563-93B9-4A34-9518-52790C1E8A73}"
EndProject
Project("{FAE04EC0-301F-11D3-BF4B-00C04F79EFBC}") = "OfflineSync.Droid", "OfflineSync.Android\OfflineSync.Droid.csproj", "{8F2C8267-898E-4622-BDD1-B3108C3AF098}"
EndProject
Project("{FAE04EC0-301F-11D3-BF4B-00C04F79EFBC}") = "OfflineSync.PCL", "OfflineSync.PCL\OfflineSync.PCL.csproj", "{514C178F-EE0C-4A6E-92EA-2723F45CEC28}"
EndProject
Project("{FAE04EC0-301F-11D3-BF4B-00C04F79EFBC}") = "SampleApiClient", "SampleApiClient\SampleApiClient.csproj", "{ABC65E9C-EFFF-4A7F-A406-5E5FC49F7848}"
EndProject
Project("{2150E333-8FDC-42A3-9474-1A3956D46DE8}") = "Mobile Services", "Mobile Services", "{A69F6B70-31E0-42FA-AC57-858F85DA404F}"
EndProject
Project("{2150E333-8FDC-42A3-9474-1A3956D46DE8}") = "Api Services", "Api Services", "{FFDA3919-8321-416A-B2BC-44FC165C70AA}"
EndProject
Project("{2150E333-8FDC-42A3-9474-1A3956D46DE8}") = "Notification Hub", "Notification Hub", "{37F72398-41C5-45F1-A556-60059E902723}"
EndProject
Project("{FAE04EC0-301F-11D3-BF4B-00C04F79EFBC}") = "NotificationHubSample.Client", "NotificationHub\NotificationHubSample.Client\NotificationHubSample.Client.csproj", "{C4D9B977-23FD-458E-9A8E-29B1CB468446}"
EndProject
Project("{9092AA53-FB77-4645-B42D-1CCCA6BD08BD}") = "NodeJsNotificationHub", "NotificationHub\NodeJs\NodeJsNotificationHub.njsproj", "{34D937BB-BF7C-499F-BE46-D26D52B4AA07}"
EndProject
Project("{FAE04EC0-301F-11D3-BF4B-00C04F79EFBC}") = "NewsApi", "NewsApi\NewsApi.csproj", "{AA302BB5-93CF-48F7-88C2-579DF697CBE9}"
EndProject
Project("{FAE04EC0-301F-11D3-BF4B-00C04F79EFBC}") = "NotificationHubSample.Server", "NotificationHub\NotificationHubSample.Server\NotificationHubSample.Server.csproj", "{A3B37169-E12A-4E16-BC2B-D1C69CB76059}"
EndProject
Global
	GlobalSection(SolutionConfigurationPlatforms) = preSolution
		Debug|Any CPU = Debug|Any CPU
		Debug|ARM = Debug|ARM
		Debug|x64 = Debug|x64
		Debug|x86 = Debug|x86
		Release|Any CPU = Release|Any CPU
		Release|ARM = Release|ARM
		Release|x64 = Release|x64
		Release|x86 = Release|x86
	EndGlobalSection
	GlobalSection(ProjectConfigurationPlatforms) = postSolution
		{DD0A9563-93B9-4A34-9518-52790C1E8A73}.Debug|Any CPU.ActiveCfg = Debug|x86
		{DD0A9563-93B9-4A34-9518-52790C1E8A73}.Debug|ARM.ActiveCfg = Debug|ARM
		{DD0A9563-93B9-4A34-9518-52790C1E8A73}.Debug|ARM.Build.0 = Debug|ARM
		{DD0A9563-93B9-4A34-9518-52790C1E8A73}.Debug|ARM.Deploy.0 = Debug|ARM
		{DD0A9563-93B9-4A34-9518-52790C1E8A73}.Debug|x64.ActiveCfg = Debug|x64
		{DD0A9563-93B9-4A34-9518-52790C1E8A73}.Debug|x64.Build.0 = Debug|x64
		{DD0A9563-93B9-4A34-9518-52790C1E8A73}.Debug|x64.Deploy.0 = Debug|x64
		{DD0A9563-93B9-4A34-9518-52790C1E8A73}.Debug|x86.ActiveCfg = Debug|x86
		{DD0A9563-93B9-4A34-9518-52790C1E8A73}.Debug|x86.Build.0 = Debug|x86
		{DD0A9563-93B9-4A34-9518-52790C1E8A73}.Debug|x86.Deploy.0 = Debug|x86
		{DD0A9563-93B9-4A34-9518-52790C1E8A73}.Release|Any CPU.ActiveCfg = Release|x86
		{DD0A9563-93B9-4A34-9518-52790C1E8A73}.Release|ARM.ActiveCfg = Release|ARM
		{DD0A9563-93B9-4A34-9518-52790C1E8A73}.Release|ARM.Build.0 = Release|ARM
		{DD0A9563-93B9-4A34-9518-52790C1E8A73}.Release|ARM.Deploy.0 = Release|ARM
		{DD0A9563-93B9-4A34-9518-52790C1E8A73}.Release|x64.ActiveCfg = Release|x64
		{DD0A9563-93B9-4A34-9518-52790C1E8A73}.Release|x64.Build.0 = Release|x64
		{DD0A9563-93B9-4A34-9518-52790C1E8A73}.Release|x64.Deploy.0 = Release|x64
		{DD0A9563-93B9-4A34-9518-52790C1E8A73}.Release|x86.ActiveCfg = Release|x86
		{DD0A9563-93B9-4A34-9518-52790C1E8A73}.Release|x86.Build.0 = Release|x86
		{DD0A9563-93B9-4A34-9518-52790C1E8A73}.Release|x86.Deploy.0 = Release|x86
		{8F2C8267-898E-4622-BDD1-B3108C3AF098}.Debug|Any CPU.ActiveCfg = Debug|Any CPU
		{8F2C8267-898E-4622-BDD1-B3108C3AF098}.Debug|Any CPU.Build.0 = Debug|Any CPU
		{8F2C8267-898E-4622-BDD1-B3108C3AF098}.Debug|Any CPU.Deploy.0 = Debug|Any CPU
		{8F2C8267-898E-4622-BDD1-B3108C3AF098}.Debug|ARM.ActiveCfg = Debug|Any CPU
		{8F2C8267-898E-4622-BDD1-B3108C3AF098}.Debug|ARM.Build.0 = Debug|Any CPU
		{8F2C8267-898E-4622-BDD1-B3108C3AF098}.Debug|ARM.Deploy.0 = Debug|Any CPU
		{8F2C8267-898E-4622-BDD1-B3108C3AF098}.Debug|x64.ActiveCfg = Debug|Any CPU
		{8F2C8267-898E-4622-BDD1-B3108C3AF098}.Debug|x64.Build.0 = Debug|Any CPU
		{8F2C8267-898E-4622-BDD1-B3108C3AF098}.Debug|x64.Deploy.0 = Debug|Any CPU
		{8F2C8267-898E-4622-BDD1-B3108C3AF098}.Debug|x86.ActiveCfg = Debug|Any CPU
		{8F2C8267-898E-4622-BDD1-B3108C3AF098}.Debug|x86.Build.0 = Debug|Any CPU
		{8F2C8267-898E-4622-BDD1-B3108C3AF098}.Debug|x86.Deploy.0 = Debug|Any CPU
		{8F2C8267-898E-4622-BDD1-B3108C3AF098}.Release|Any CPU.ActiveCfg = Release|Any CPU
		{8F2C8267-898E-4622-BDD1-B3108C3AF098}.Release|Any CPU.Build.0 = Release|Any CPU
		{8F2C8267-898E-4622-BDD1-B3108C3AF098}.Release|Any CPU.Deploy.0 = Release|Any CPU
		{8F2C8267-898E-4622-BDD1-B3108C3AF098}.Release|ARM.ActiveCfg = Release|Any CPU
		{8F2C8267-898E-4622-BDD1-B3108C3AF098}.Release|ARM.Build.0 = Release|Any CPU
		{8F2C8267-898E-4622-BDD1-B3108C3AF098}.Release|ARM.Deploy.0 = Release|Any CPU
		{8F2C8267-898E-4622-BDD1-B3108C3AF098}.Release|x64.ActiveCfg = Release|Any CPU
		{8F2C8267-898E-4622-BDD1-B3108C3AF098}.Release|x64.Build.0 = Release|Any CPU
		{8F2C8267-898E-4622-BDD1-B3108C3AF098}.Release|x64.Deploy.0 = Release|Any CPU
		{8F2C8267-898E-4622-BDD1-B3108C3AF098}.Release|x86.ActiveCfg = Release|Any CPU
		{8F2C8267-898E-4622-BDD1-B3108C3AF098}.Release|x86.Build.0 = Release|Any CPU
		{8F2C8267-898E-4622-BDD1-B3108C3AF098}.Release|x86.Deploy.0 = Release|Any CPU
		{514C178F-EE0C-4A6E-92EA-2723F45CEC28}.Debug|Any CPU.ActiveCfg = Debug|Any CPU
		{514C178F-EE0C-4A6E-92EA-2723F45CEC28}.Debug|Any CPU.Build.0 = Debug|Any CPU
		{514C178F-EE0C-4A6E-92EA-2723F45CEC28}.Debug|ARM.ActiveCfg = Debug|Any CPU
		{514C178F-EE0C-4A6E-92EA-2723F45CEC28}.Debug|ARM.Build.0 = Debug|Any CPU
		{514C178F-EE0C-4A6E-92EA-2723F45CEC28}.Debug|x64.ActiveCfg = Debug|Any CPU
		{514C178F-EE0C-4A6E-92EA-2723F45CEC28}.Debug|x64.Build.0 = Debug|Any CPU
		{514C178F-EE0C-4A6E-92EA-2723F45CEC28}.Debug|x86.ActiveCfg = Debug|Any CPU
		{514C178F-EE0C-4A6E-92EA-2723F45CEC28}.Debug|x86.Build.0 = Debug|Any CPU
		{514C178F-EE0C-4A6E-92EA-2723F45CEC28}.Release|Any CPU.ActiveCfg = Release|Any CPU
		{514C178F-EE0C-4A6E-92EA-2723F45CEC28}.Release|Any CPU.Build.0 = Release|Any CPU
		{514C178F-EE0C-4A6E-92EA-2723F45CEC28}.Release|ARM.ActiveCfg = Release|Any CPU
		{514C178F-EE0C-4A6E-92EA-2723F45CEC28}.Release|ARM.Build.0 = Release|Any CPU
		{514C178F-EE0C-4A6E-92EA-2723F45CEC28}.Release|x64.ActiveCfg = Release|Any CPU
		{514C178F-EE0C-4A6E-92EA-2723F45CEC28}.Release|x64.Build.0 = Release|Any CPU
		{514C178F-EE0C-4A6E-92EA-2723F45CEC28}.Release|x86.ActiveCfg = Release|Any CPU
		{514C178F-EE0C-4A6E-92EA-2723F45CEC28}.Release|x86.Build.0 = Release|Any CPU
		{ABC65E9C-EFFF-4A7F-A406-5E5FC49F7848}.Debug|Any CPU.ActiveCfg = Debug|x86
		{ABC65E9C-EFFF-4A7F-A406-5E5FC49F7848}.Debug|ARM.ActiveCfg = Debug|ARM
		{ABC65E9C-EFFF-4A7F-A406-5E5FC49F7848}.Debug|ARM.Build.0 = Debug|ARM
		{ABC65E9C-EFFF-4A7F-A406-5E5FC49F7848}.Debug|ARM.Deploy.0 = Debug|ARM
		{ABC65E9C-EFFF-4A7F-A406-5E5FC49F7848}.Debug|x64.ActiveCfg = Debug|x64
		{ABC65E9C-EFFF-4A7F-A406-5E5FC49F7848}.Debug|x64.Build.0 = Debug|x64
		{ABC65E9C-EFFF-4A7F-A406-5E5FC49F7848}.Debug|x64.Deploy.0 = Debug|x64
		{ABC65E9C-EFFF-4A7F-A406-5E5FC49F7848}.Debug|x86.ActiveCfg = Debug|x86
		{ABC65E9C-EFFF-4A7F-A406-5E5FC49F7848}.Debug|x86.Build.0 = Debug|x86
		{ABC65E9C-EFFF-4A7F-A406-5E5FC49F7848}.Debug|x86.Deploy.0 = Debug|x86
		{ABC65E9C-EFFF-4A7F-A406-5E5FC49F7848}.Release|Any CPU.ActiveCfg = Release|x86
		{ABC65E9C-EFFF-4A7F-A406-5E5FC49F7848}.Release|ARM.ActiveCfg = Release|ARM
		{ABC65E9C-EFFF-4A7F-A406-5E5FC49F7848}.Release|ARM.Build.0 = Release|ARM
		{ABC65E9C-EFFF-4A7F-A406-5E5FC49F7848}.Release|ARM.Deploy.0 = Release|ARM
		{ABC65E9C-EFFF-4A7F-A406-5E5FC49F7848}.Release|x64.ActiveCfg = Release|x64
		{ABC65E9C-EFFF-4A7F-A406-5E5FC49F7848}.Release|x64.Build.0 = Release|x64
		{ABC65E9C-EFFF-4A7F-A406-5E5FC49F7848}.Release|x64.Deploy.0 = Release|x64
		{ABC65E9C-EFFF-4A7F-A406-5E5FC49F7848}.Release|x86.ActiveCfg = Release|x86
		{ABC65E9C-EFFF-4A7F-A406-5E5FC49F7848}.Release|x86.Build.0 = Release|x86
		{ABC65E9C-EFFF-4A7F-A406-5E5FC49F7848}.Release|x86.Deploy.0 = Release|x86
		{C4D9B977-23FD-458E-9A8E-29B1CB468446}.Debug|Any CPU.ActiveCfg = Debug|x86
		{C4D9B977-23FD-458E-9A8E-29B1CB468446}.Debug|ARM.ActiveCfg = Debug|ARM
		{C4D9B977-23FD-458E-9A8E-29B1CB468446}.Debug|ARM.Build.0 = Debug|ARM
		{C4D9B977-23FD-458E-9A8E-29B1CB468446}.Debug|ARM.Deploy.0 = Debug|ARM
		{C4D9B977-23FD-458E-9A8E-29B1CB468446}.Debug|x64.ActiveCfg = Debug|x64
		{C4D9B977-23FD-458E-9A8E-29B1CB468446}.Debug|x64.Build.0 = Debug|x64
		{C4D9B977-23FD-458E-9A8E-29B1CB468446}.Debug|x64.Deploy.0 = Debug|x64
		{C4D9B977-23FD-458E-9A8E-29B1CB468446}.Debug|x86.ActiveCfg = Debug|x86
		{C4D9B977-23FD-458E-9A8E-29B1CB468446}.Debug|x86.Build.0 = Debug|x86
		{C4D9B977-23FD-458E-9A8E-29B1CB468446}.Debug|x86.Deploy.0 = Debug|x86
		{C4D9B977-23FD-458E-9A8E-29B1CB468446}.Release|Any CPU.ActiveCfg = Release|x86
		{C4D9B977-23FD-458E-9A8E-29B1CB468446}.Release|ARM.ActiveCfg = Release|ARM
		{C4D9B977-23FD-458E-9A8E-29B1CB468446}.Release|ARM.Build.0 = Release|ARM
		{C4D9B977-23FD-458E-9A8E-29B1CB468446}.Release|ARM.Deploy.0 = Release|ARM
		{C4D9B977-23FD-458E-9A8E-29B1CB468446}.Release|x64.ActiveCfg = Release|x64
		{C4D9B977-23FD-458E-9A8E-29B1CB468446}.Release|x64.Build.0 = Release|x64
		{C4D9B977-23FD-458E-9A8E-29B1CB468446}.Release|x64.Deploy.0 = Release|x64
		{C4D9B977-23FD-458E-9A8E-29B1CB468446}.Release|x86.ActiveCfg = Release|x86
		{C4D9B977-23FD-458E-9A8E-29B1CB468446}.Release|x86.Build.0 = Release|x86
		{C4D9B977-23FD-458E-9A8E-29B1CB468446}.Release|x86.Deploy.0 = Release|x86
		{34D937BB-BF7C-499F-BE46-D26D52B4AA07}.Debug|Any CPU.ActiveCfg = Debug|Any CPU
		{34D937BB-BF7C-499F-BE46-D26D52B4AA07}.Debug|Any CPU.Build.0 = Debug|Any CPU
		{34D937BB-BF7C-499F-BE46-D26D52B4AA07}.Debug|ARM.ActiveCfg = Debug|Any CPU
		{34D937BB-BF7C-499F-BE46-D26D52B4AA07}.Debug|ARM.Build.0 = Debug|Any CPU
		{34D937BB-BF7C-499F-BE46-D26D52B4AA07}.Debug|x64.ActiveCfg = Debug|Any CPU
		{34D937BB-BF7C-499F-BE46-D26D52B4AA07}.Debug|x64.Build.0 = Debug|Any CPU
		{34D937BB-BF7C-499F-BE46-D26D52B4AA07}.Debug|x86.ActiveCfg = Debug|Any CPU
		{34D937BB-BF7C-499F-BE46-D26D52B4AA07}.Debug|x86.Build.0 = Debug|Any CPU
		{34D937BB-BF7C-499F-BE46-D26D52B4AA07}.Release|Any CPU.ActiveCfg = Release|Any CPU
		{34D937BB-BF7C-499F-BE46-D26D52B4AA07}.Release|Any CPU.Build.0 = Release|Any CPU
		{34D937BB-BF7C-499F-BE46-D26D52B4AA07}.Release|ARM.ActiveCfg = Release|Any CPU
		{34D937BB-BF7C-499F-BE46-D26D52B4AA07}.Release|ARM.Build.0 = Release|Any CPU
		{34D937BB-BF7C-499F-BE46-D26D52B4AA07}.Release|x64.ActiveCfg = Release|Any CPU
		{34D937BB-BF7C-499F-BE46-D26D52B4AA07}.Release|x64.Build.0 = Release|Any CPU
		{34D937BB-BF7C-499F-BE46-D26D52B4AA07}.Release|x86.ActiveCfg = Release|Any CPU
		{34D937BB-BF7C-499F-BE46-D26D52B4AA07}.Release|x86.Build.0 = Release|Any CPU
		{AA302BB5-93CF-48F7-88C2-579DF697CBE9}.Debug|Any CPU.ActiveCfg = Debug|Any CPU
		{AA302BB5-93CF-48F7-88C2-579DF697CBE9}.Debug|Any CPU.Build.0 = Debug|Any CPU
		{AA302BB5-93CF-48F7-88C2-579DF697CBE9}.Debug|ARM.ActiveCfg = Debug|Any CPU
		{AA302BB5-93CF-48F7-88C2-579DF697CBE9}.Debug|ARM.Build.0 = Debug|Any CPU
		{AA302BB5-93CF-48F7-88C2-579DF697CBE9}.Debug|x64.ActiveCfg = Debug|Any CPU
		{AA302BB5-93CF-48F7-88C2-579DF697CBE9}.Debug|x64.Build.0 = Debug|Any CPU
		{AA302BB5-93CF-48F7-88C2-579DF697CBE9}.Debug|x86.ActiveCfg = Debug|Any CPU
		{AA302BB5-93CF-48F7-88C2-579DF697CBE9}.Debug|x86.Build.0 = Debug|Any CPU
		{AA302BB5-93CF-48F7-88C2-579DF697CBE9}.Release|Any CPU.ActiveCfg = Release|Any CPU
		{AA302BB5-93CF-48F7-88C2-579DF697CBE9}.Release|Any CPU.Build.0 = Release|Any CPU
		{AA302BB5-93CF-48F7-88C2-579DF697CBE9}.Release|ARM.ActiveCfg = Release|Any CPU
		{AA302BB5-93CF-48F7-88C2-579DF697CBE9}.Release|ARM.Build.0 = Release|Any CPU
		{AA302BB5-93CF-48F7-88C2-579DF697CBE9}.Release|x64.ActiveCfg = Release|Any CPU
		{AA302BB5-93CF-48F7-88C2-579DF697CBE9}.Release|x64.Build.0 = Release|Any CPU
		{AA302BB5-93CF-48F7-88C2-579DF697CBE9}.Release|x86.ActiveCfg = Release|Any CPU
		{AA302BB5-93CF-48F7-88C2-579DF697CBE9}.Release|x86.Build.0 = Release|Any CPU
		{A3B37169-E12A-4E16-BC2B-D1C69CB76059}.Debug|Any CPU.ActiveCfg = Debug|Any CPU
		{A3B37169-E12A-4E16-BC2B-D1C69CB76059}.Debug|Any CPU.Build.0 = Debug|Any CPU
		{A3B37169-E12A-4E16-BC2B-D1C69CB76059}.Debug|ARM.ActiveCfg = Debug|Any CPU
		{A3B37169-E12A-4E16-BC2B-D1C69CB76059}.Debug|ARM.Build.0 = Debug|Any CPU
		{A3B37169-E12A-4E16-BC2B-D1C69CB76059}.Debug|x64.ActiveCfg = Debug|Any CPU
		{A3B37169-E12A-4E16-BC2B-D1C69CB76059}.Debug|x64.Build.0 = Debug|Any CPU
		{A3B37169-E12A-4E16-BC2B-D1C69CB76059}.Debug|x86.ActiveCfg = Debug|Any CPU
		{A3B37169-E12A-4E16-BC2B-D1C69CB76059}.Debug|x86.Build.0 = Debug|Any CPU
		{A3B37169-E12A-4E16-BC2B-D1C69CB76059}.Release|Any CPU.ActiveCfg = Release|Any CPU
		{A3B37169-E12A-4E16-BC2B-D1C69CB76059}.Release|Any CPU.Build.0 = Release|Any CPU
		{A3B37169-E12A-4E16-BC2B-D1C69CB76059}.Release|ARM.ActiveCfg = Release|Any CPU
		{A3B37169-E12A-4E16-BC2B-D1C69CB76059}.Release|ARM.Build.0 = Release|Any CPU
		{A3B37169-E12A-4E16-BC2B-D1C69CB76059}.Release|x64.ActiveCfg = Release|Any CPU
		{A3B37169-E12A-4E16-BC2B-D1C69CB76059}.Release|x64.Build.0 = Release|Any CPU
		{A3B37169-E12A-4E16-BC2B-D1C69CB76059}.Release|x86.ActiveCfg = Release|Any CPU
		{A3B37169-E12A-4E16-BC2B-D1C69CB76059}.Release|x86.Build.0 = Release|Any CPU
	EndGlobalSection
	GlobalSection(SolutionProperties) = preSolution
		HideSolutionNode = FALSE
	EndGlobalSection
	GlobalSection(NestedProjects) = preSolution
		{DD0A9563-93B9-4A34-9518-52790C1E8A73} = {A69F6B70-31E0-42FA-AC57-858F85DA404F}
		{8F2C8267-898E-4622-BDD1-B3108C3AF098} = {A69F6B70-31E0-42FA-AC57-858F85DA404F}
		{514C178F-EE0C-4A6E-92EA-2723F45CEC28} = {A69F6B70-31E0-42FA-AC57-858F85DA404F}
		{ABC65E9C-EFFF-4A7F-A406-5E5FC49F7848} = {FFDA3919-8321-416A-B2BC-44FC165C70AA}
		{C4D9B977-23FD-458E-9A8E-29B1CB468446} = {37F72398-41C5-45F1-A556-60059E902723}
		{34D937BB-BF7C-499F-BE46-D26D52B4AA07} = {37F72398-41C5-45F1-A556-60059E902723}
		{AA302BB5-93CF-48F7-88C2-579DF697CBE9} = {FFDA3919-8321-416A-B2BC-44FC165C70AA}
		{A3B37169-E12A-4E16-BC2B-D1C69CB76059} = {37F72398-41C5-45F1-A556-60059E902723}
	EndGlobalSection
EndGlobal
